
Microsoft Visual Studio Solution File, Format Version 12.00
# Visual Studio Version 17
VisualStudioVersion = 17.14.36414.22 d17.14
MinimumVisualStudioVersion = 10.0.40219.1
Project("{FAE04EC0-301F-11D3-BF4B-00C04F79EFBC}") = "pierwszeWiazanie", "pierwszeWiazanie\pierwszeWiazanie.csproj", "{A1BA3668-B656-466B-91D3-27971C9F8B5B}"
EndProject
Global
	GlobalSection(SolutionConfigurationPlatforms) = preSolution
		Debug|Any CPU = Debug|Any CPU
		Release|Any CPU = Release|Any CPU
	EndGlobalSection
	GlobalSection(ProjectConfigurationPlatforms) = postSolution
		{A1BA3668-B656-466B-91D3-27971C9F8B5B}.Debug|Any CPU.ActiveCfg = Debug|Any CPU
		{A1BA3668-B656-466B-91D3-27971C9F8B5B}.Debug|Any CPU.Build.0 = Debug|Any CPU
		{A1BA3668-B656-466B-91D3-27971C9F8B5B}.Release|Any CPU.ActiveCfg = Release|Any CPU
		{A1BA3668-B656-466B-91D3-27971C9F8B5B}.Release|Any CPU.Build.0 = Release|Any CPU
	EndGlobalSection
	GlobalSection(SolutionProperties) = preSolution
		HideSolutionNode = FALSE
	EndGlobalSection
	GlobalSection(ExtensibilityGlobals) = postSolution
		SolutionGuid = {06FD914D-11A4-434B-87AE-9A404E6DB68E}
	EndGlobalSection
EndGlobal
